
Microsoft Visual Studio Solution File, Format Version 12.00
# Visual Studio Version 16
VisualStudioVersion = 16.0.29613.14
MinimumVisualStudioVersion = 10.0.40219.1
Project("{2150E333-8FDC-42A3-9474-1A3956D46DE8}") = "src", "src", "{ED5FF069-A75C-4976-93B0-6D48CA6761AF}"
EndProject
Project("{2150E333-8FDC-42A3-9474-1A3956D46DE8}") = "services", "services", "{FD317744-BC66-4DCB-AEC6-0242E1255591}"
EndProject
Project("{2150E333-8FDC-42A3-9474-1A3956D46DE8}") = "web", "web", "{BAA76159-9990-4BDB-A2D1-F11AF97109B5}"
EndProject
Project("{9A19103F-16F7-4668-BE54-9A1E7A4F7556}") = "ProductCatalogAPI", "ProductCatalogAPI\ProductCatalogAPI.csproj", "{5654B5B6-4647-49FA-8625-8B8AECCAE6AE}"
EndProject
Project("{E53339B2-1760-4266-BCC7-CA923CBCF16C}") = "docker-compose", "docker-compose.dcproj", "{DEF88D86-DE9D-4D0A-8786-F93341421191}"
EndProject
Project("{9A19103F-16F7-4668-BE54-9A1E7A4F7556}") = "WebMvc", "WebMvc\WebMvc.csproj", "{00E6F64D-4E93-4AC3-9641-9CB8674F5AE3}"
EndProject
Project("{9A19103F-16F7-4668-BE54-9A1E7A4F7556}") = "TokenServiceApi", "TokenServiceApi\TokenServiceApi.csproj", "{0E4BF85B-0B58-4547-AD9C-5A0AE1468394}"
EndProject
Project("{FAE04EC0-301F-11D3-BF4B-00C04F79EFBC}") = "CartApi", "CartApi\CartApi.csproj", "{F4A15BBE-16F3-4A63-AE6F-861738C8980D}"
EndProject
Project("{FAE04EC0-301F-11D3-BF4B-00C04F79EFBC}") = "OrderApi", "OrderApi\OrderApi.csproj", "{EA58435F-13C6-45E3-8B96-01DD8423AAAF}"
EndProject
Global
	GlobalSection(SolutionConfigurationPlatforms) = preSolution
		Debug|Any CPU = Debug|Any CPU
		Release|Any CPU = Release|Any CPU
	EndGlobalSection
	GlobalSection(ProjectConfigurationPlatforms) = postSolution
		{5654B5B6-4647-49FA-8625-8B8AECCAE6AE}.Debug|Any CPU.ActiveCfg = Debug|Any CPU
		{5654B5B6-4647-49FA-8625-8B8AECCAE6AE}.Debug|Any CPU.Build.0 = Debug|Any CPU
		{5654B5B6-4647-49FA-8625-8B8AECCAE6AE}.Release|Any CPU.ActiveCfg = Release|Any CPU
		{5654B5B6-4647-49FA-8625-8B8AECCAE6AE}.Release|Any CPU.Build.0 = Release|Any CPU
		{DEF88D86-DE9D-4D0A-8786-F93341421191}.Debug|Any CPU.ActiveCfg = Debug|Any CPU
		{DEF88D86-DE9D-4D0A-8786-F93341421191}.Debug|Any CPU.Build.0 = Debug|Any CPU
		{DEF88D86-DE9D-4D0A-8786-F93341421191}.Release|Any CPU.ActiveCfg = Release|Any CPU
		{DEF88D86-DE9D-4D0A-8786-F93341421191}.Release|Any CPU.Build.0 = Release|Any CPU
		{00E6F64D-4E93-4AC3-9641-9CB8674F5AE3}.Debug|Any CPU.ActiveCfg = Debug|Any CPU
		{00E6F64D-4E93-4AC3-9641-9CB8674F5AE3}.Debug|Any CPU.Build.0 = Debug|Any CPU
		{00E6F64D-4E93-4AC3-9641-9CB8674F5AE3}.Release|Any CPU.ActiveCfg = Release|Any CPU
		{00E6F64D-4E93-4AC3-9641-9CB8674F5AE3}.Release|Any CPU.Build.0 = Release|Any CPU
		{0E4BF85B-0B58-4547-AD9C-5A0AE1468394}.Debug|Any CPU.ActiveCfg = Debug|Any CPU
		{0E4BF85B-0B58-4547-AD9C-5A0AE1468394}.Debug|Any CPU.Build.0 = Debug|Any CPU
		{0E4BF85B-0B58-4547-AD9C-5A0AE1468394}.Release|Any CPU.ActiveCfg = Release|Any CPU
		{0E4BF85B-0B58-4547-AD9C-5A0AE1468394}.Release|Any CPU.Build.0 = Release|Any CPU
		{F4A15BBE-16F3-4A63-AE6F-861738C8980D}.Debug|Any CPU.ActiveCfg = Debug|Any CPU
		{F4A15BBE-16F3-4A63-AE6F-861738C8980D}.Debug|Any CPU.Build.0 = Debug|Any CPU
		{F4A15BBE-16F3-4A63-AE6F-861738C8980D}.Release|Any CPU.ActiveCfg = Release|Any CPU
		{F4A15BBE-16F3-4A63-AE6F-861738C8980D}.Release|Any CPU.Build.0 = Release|Any CPU
		{EA58435F-13C6-45E3-8B96-01DD8423AAAF}.Debug|Any CPU.ActiveCfg = Debug|Any CPU
		{EA58435F-13C6-45E3-8B96-01DD8423AAAF}.Debug|Any CPU.Build.0 = Debug|Any CPU
		{EA58435F-13C6-45E3-8B96-01DD8423AAAF}.Release|Any CPU.ActiveCfg = Release|Any CPU
		{EA58435F-13C6-45E3-8B96-01DD8423AAAF}.Release|Any CPU.Build.0 = Release|Any CPU
	EndGlobalSection
	GlobalSection(SolutionProperties) = preSolution
		HideSolutionNode = FALSE
	EndGlobalSection
	GlobalSection(NestedProjects) = preSolution
		{FD317744-BC66-4DCB-AEC6-0242E1255591} = {ED5FF069-A75C-4976-93B0-6D48CA6761AF}
		{BAA76159-9990-4BDB-A2D1-F11AF97109B5} = {ED5FF069-A75C-4976-93B0-6D48CA6761AF}
		{5654B5B6-4647-49FA-8625-8B8AECCAE6AE} = {FD317744-BC66-4DCB-AEC6-0242E1255591}
		{00E6F64D-4E93-4AC3-9641-9CB8674F5AE3} = {BAA76159-9990-4BDB-A2D1-F11AF97109B5}
		{0E4BF85B-0B58-4547-AD9C-5A0AE1468394} = {FD317744-BC66-4DCB-AEC6-0242E1255591}
		{F4A15BBE-16F3-4A63-AE6F-861738C8980D} = {FD317744-BC66-4DCB-AEC6-0242E1255591}
		{EA58435F-13C6-45E3-8B96-01DD8423AAAF} = {FD317744-BC66-4DCB-AEC6-0242E1255591}
	EndGlobalSection
	GlobalSection(ExtensibilityGlobals) = postSolution
		SolutionGuid = {1FA3645D-25CD-45CE-AF33-9AFD0A41AE7B}
	EndGlobalSection
EndGlobal
